
Microsoft Visual Studio Solution File, Format Version 12.00
# Visual Studio Version 16
VisualStudioVersion = 16.0.30717.126
MinimumVisualStudioVersion = 10.0.40219.1
Project("{FAE04EC0-301F-11D3-BF4B-00C04F79EFBC}") = "CustomerManagement", "CustomerManagement\CustomerManagement.csproj", "{71486493-6FD7-48DF-822C-A44542496958}"
EndProject
Global
	GlobalSection(SolutionConfigurationPlatforms) = preSolution
		Debug|Any CPU = Debug|Any CPU
		Release|Any CPU = Release|Any CPU
	EndGlobalSection
	GlobalSection(ProjectConfigurationPlatforms) = postSolution
		{71486493-6FD7-48DF-822C-A44542496958}.Debug|Any CPU.ActiveCfg = Debug|Any CPU
		{71486493-6FD7-48DF-822C-A44542496958}.Debug|Any CPU.Build.0 = Debug|Any CPU
		{71486493-6FD7-48DF-822C-A44542496958}.Release|Any CPU.ActiveCfg = Release|Any CPU
		{71486493-6FD7-48DF-822C-A44542496958}.Release|Any CPU.Build.0 = Release|Any CPU
	EndGlobalSection
	GlobalSection(SolutionProperties) = preSolution
		HideSolutionNode = FALSE
	EndGlobalSection
	GlobalSection(ExtensibilityGlobals) = postSolution
		SolutionGuid = {427522D9-D55A-4A5E-9041-83299B3EF9BD}
	EndGlobalSection
EndGlobal
